
Microsoft Visual Studio Solution File, Format Version 12.00
# Visual Studio Version 16
VisualStudioVersion = 16.0.30114.105
MinimumVisualStudioVersion = 10.0.40219.1
Project("{FAE04EC0-301F-11D3-BF4B-00C04F79EFBC}") = "API", "API\API.csproj", "{2D7BDEED-6D90-4424-9A91-3F610B3CF4BC}"
EndProject
Project("{FAE04EC0-301F-11D3-BF4B-00C04F79EFBC}") = "Application", "Application\Application.csproj", "{2CCE4B33-0A90-4208-B927-A8F1076BBD1A}"
EndProject
Project("{FAE04EC0-301F-11D3-BF4B-00C04F79EFBC}") = "Persistence", "Persistence\Persistence.csproj", "{4C2D4780-1F67-416F-979D-9B9A57D04EDE}"
EndProject
Project("{FAE04EC0-301F-11D3-BF4B-00C04F79EFBC}") = "Domain", "Domain\Domain.csproj", "{A871C771-9366-45D2-8208-A01A4A51DC2B}"
EndProject
Global
	GlobalSection(SolutionConfigurationPlatforms) = preSolution
		Debug|Any CPU = Debug|Any CPU
		Debug|x64 = Debug|x64
		Debug|x86 = Debug|x86
		Release|Any CPU = Release|Any CPU
		Release|x64 = Release|x64
		Release|x86 = Release|x86
	EndGlobalSection
	GlobalSection(SolutionProperties) = preSolution
		HideSolutionNode = FALSE
	EndGlobalSection
	GlobalSection(ProjectConfigurationPlatforms) = postSolution
		{2D7BDEED-6D90-4424-9A91-3F610B3CF4BC}.Debug|Any CPU.ActiveCfg = Debug|Any CPU
		{2D7BDEED-6D90-4424-9A91-3F610B3CF4BC}.Debug|Any CPU.Build.0 = Debug|Any CPU
		{2D7BDEED-6D90-4424-9A91-3F610B3CF4BC}.Debug|x64.ActiveCfg = Debug|Any CPU
		{2D7BDEED-6D90-4424-9A91-3F610B3CF4BC}.Debug|x64.Build.0 = Debug|Any CPU
		{2D7BDEED-6D90-4424-9A91-3F610B3CF4BC}.Debug|x86.ActiveCfg = Debug|Any CPU
		{2D7BDEED-6D90-4424-9A91-3F610B3CF4BC}.Debug|x86.Build.0 = Debug|Any CPU
		{2D7BDEED-6D90-4424-9A91-3F610B3CF4BC}.Release|Any CPU.ActiveCfg = Release|Any CPU
		{2D7BDEED-6D90-4424-9A91-3F610B3CF4BC}.Release|Any CPU.Build.0 = Release|Any CPU
		{2D7BDEED-6D90-4424-9A91-3F610B3CF4BC}.Release|x64.ActiveCfg = Release|Any CPU
		{2D7BDEED-6D90-4424-9A91-3F610B3CF4BC}.Release|x64.Build.0 = Release|Any CPU
		{2D7BDEED-6D90-4424-9A91-3F610B3CF4BC}.Release|x86.ActiveCfg = Release|Any CPU
		{2D7BDEED-6D90-4424-9A91-3F610B3CF4BC}.Release|x86.Build.0 = Release|Any CPU
		{2CCE4B33-0A90-4208-B927-A8F1076BBD1A}.Debug|Any CPU.ActiveCfg = Debug|Any CPU
		{2CCE4B33-0A90-4208-B927-A8F1076BBD1A}.Debug|Any CPU.Build.0 = Debug|Any CPU
		{2CCE4B33-0A90-4208-B927-A8F1076BBD1A}.Debug|x64.ActiveCfg = Debug|Any CPU
		{2CCE4B33-0A90-4208-B927-A8F1076BBD1A}.Debug|x64.Build.0 = Debug|Any CPU
		{2CCE4B33-0A90-4208-B927-A8F1076BBD1A}.Debug|x86.ActiveCfg = Debug|Any CPU
		{2CCE4B33-0A90-4208-B927-A8F1076BBD1A}.Debug|x86.Build.0 = Debug|Any CPU
		{2CCE4B33-0A90-4208-B927-A8F1076BBD1A}.Release|Any CPU.ActiveCfg = Release|Any CPU
		{2CCE4B33-0A90-4208-B927-A8F1076BBD1A}.Release|Any CPU.Build.0 = Release|Any CPU
		{2CCE4B33-0A90-4208-B927-A8F1076BBD1A}.Release|x64.ActiveCfg = Release|Any CPU
		{2CCE4B33-0A90-4208-B927-A8F1076BBD1A}.Release|x64.Build.0 = Release|Any CPU
		{2CCE4B33-0A90-4208-B927-A8F1076BBD1A}.Release|x86.ActiveCfg = Release|Any CPU
		{2CCE4B33-0A90-4208-B927-A8F1076BBD1A}.Release|x86.Build.0 = Release|Any CPU
		{4C2D4780-1F67-416F-979D-9B9A57D04EDE}.Debug|Any CPU.ActiveCfg = Debug|Any CPU
		{4C2D4780-1F67-416F-979D-9B9A57D04EDE}.Debug|Any CPU.Build.0 = Debug|Any CPU
		{4C2D4780-1F67-416F-979D-9B9A57D04EDE}.Debug|x64.ActiveCfg = Debug|Any CPU
		{4C2D4780-1F67-416F-979D-9B9A57D04EDE}.Debug|x64.Build.0 = Debug|Any CPU
		{4C2D4780-1F67-416F-979D-9B9A57D04EDE}.Debug|x86.ActiveCfg = Debug|Any CPU
		{4C2D4780-1F67-416F-979D-9B9A57D04EDE}.Debug|x86.Build.0 = Debug|Any CPU
		{4C2D4780-1F67-416F-979D-9B9A57D04EDE}.Release|Any CPU.ActiveCfg = Release|Any CPU
		{4C2D4780-1F67-416F-979D-9B9A57D04EDE}.Release|Any CPU.Build.0 = Release|Any CPU
		{4C2D4780-1F67-416F-979D-9B9A57D04EDE}.Release|x64.ActiveCfg = Release|Any CPU
		{4C2D4780-1F67-416F-979D-9B9A57D04EDE}.Release|x64.Build.0 = Release|Any CPU
		{4C2D4780-1F67-416F-979D-9B9A57D04EDE}.Release|x86.ActiveCfg = Release|Any CPU
		{4C2D4780-1F67-416F-979D-9B9A57D04EDE}.Release|x86.Build.0 = Release|Any CPU
		{A871C771-9366-45D2-8208-A01A4A51DC2B}.Debug|Any CPU.ActiveCfg = Debug|Any CPU
		{A871C771-9366-45D2-8208-A01A4A51DC2B}.Debug|Any CPU.Build.0 = Debug|Any CPU
		{A871C771-9366-45D2-8208-A01A4A51DC2B}.Debug|x64.ActiveCfg = Debug|Any CPU
		{A871C771-9366-45D2-8208-A01A4A51DC2B}.Debug|x64.Build.0 = Debug|Any CPU
		{A871C771-9366-45D2-8208-A01A4A51DC2B}.Debug|x86.ActiveCfg = Debug|Any CPU
		{A871C771-9366-45D2-8208-A01A4A51DC2B}.Debug|x86.Build.0 = Debug|Any CPU
		{A871C771-9366-45D2-8208-A01A4A51DC2B}.Release|Any CPU.ActiveCfg = Release|Any CPU
		{A871C771-9366-45D2-8208-A01A4A51DC2B}.Release|Any CPU.Build.0 = Release|Any CPU
		{A871C771-9366-45D2-8208-A01A4A51DC2B}.Release|x64.ActiveCfg = Release|Any CPU
		{A871C771-9366-45D2-8208-A01A4A51DC2B}.Release|x64.Build.0 = Release|Any CPU
		{A871C771-9366-45D2-8208-A01A4A51DC2B}.Release|x86.ActiveCfg = Release|Any CPU
		{A871C771-9366-45D2-8208-A01A4A51DC2B}.Release|x86.Build.0 = Release|Any CPU
	EndGlobalSection
EndGlobal
